
Microsoft Visual Studio Solution File, Format Version 12.00
# Visual Studio Version 16
VisualStudioVersion = 16.0.29613.14
MinimumVisualStudioVersion = 10.0.40219.1
Project("{FAE04EC0-301F-11D3-BF4B-00C04F79EFBC}") = "ExternalAPIEmulator", "ExternalAPIEmulator.csproj", "{0F32F84B-F514-4378-B752-A42C9E7A4725}"
EndProject
Project("{9A19103F-16F7-4668-BE54-9A1E7A4F7556}") = "BaseInfrastructure", "..\BaseInfrastructure\BaseInfrastructure.csproj", "{CEF19D79-4FD5-4279-9BB4-492B8AC424A7}"
EndProject
Global
	GlobalSection(SolutionConfigurationPlatforms) = preSolution
		Debug|Any CPU = Debug|Any CPU
		Release|Any CPU = Release|Any CPU
	EndGlobalSection
	GlobalSection(ProjectConfigurationPlatforms) = postSolution
		{0F32F84B-F514-4378-B752-A42C9E7A4725}.Debug|Any CPU.ActiveCfg = Debug|Any CPU
		{0F32F84B-F514-4378-B752-A42C9E7A4725}.Debug|Any CPU.Build.0 = Debug|Any CPU
		{0F32F84B-F514-4378-B752-A42C9E7A4725}.Release|Any CPU.ActiveCfg = Release|Any CPU
		{0F32F84B-F514-4378-B752-A42C9E7A4725}.Release|Any CPU.Build.0 = Release|Any CPU
		{CEF19D79-4FD5-4279-9BB4-492B8AC424A7}.Debug|Any CPU.ActiveCfg = Debug|Any CPU
		{CEF19D79-4FD5-4279-9BB4-492B8AC424A7}.Debug|Any CPU.Build.0 = Debug|Any CPU
		{CEF19D79-4FD5-4279-9BB4-492B8AC424A7}.Release|Any CPU.ActiveCfg = Release|Any CPU
		{CEF19D79-4FD5-4279-9BB4-492B8AC424A7}.Release|Any CPU.Build.0 = Release|Any CPU
	EndGlobalSection
	GlobalSection(SolutionProperties) = preSolution
		HideSolutionNode = FALSE
	EndGlobalSection
	GlobalSection(ExtensibilityGlobals) = postSolution
		SolutionGuid = {FB6039ED-B73A-4DFD-BD1C-1200D7F64A7B}
	EndGlobalSection
EndGlobal
