
Microsoft Visual Studio Solution File, Format Version 12.00
# Visual Studio Version 16
VisualStudioVersion = 16.0.29613.14
MinimumVisualStudioVersion = 10.0.40219.1
Project("{9A19103F-16F7-4668-BE54-9A1E7A4F7556}") = "ParamsListenerService", "ParamsListenerService.csproj", "{D89F9E59-6DF5-449B-8722-4917D9B02C7E}"
EndProject
Project("{FAE04EC0-301F-11D3-BF4B-00C04F79EFBC}") = "BaseInfrastructure", "..\BaseInfrastructure\BaseInfrastructure.csproj", "{BD86D7B0-84A4-4F7B-BB61-41322D0CBEDA}"
EndProject
Global
	GlobalSection(SolutionConfigurationPlatforms) = preSolution
		Debug|Any CPU = Debug|Any CPU
		Release|Any CPU = Release|Any CPU
	EndGlobalSection
	GlobalSection(ProjectConfigurationPlatforms) = postSolution
		{D89F9E59-6DF5-449B-8722-4917D9B02C7E}.Debug|Any CPU.ActiveCfg = Debug|Any CPU
		{D89F9E59-6DF5-449B-8722-4917D9B02C7E}.Debug|Any CPU.Build.0 = Debug|Any CPU
		{D89F9E59-6DF5-449B-8722-4917D9B02C7E}.Release|Any CPU.ActiveCfg = Release|Any CPU
		{D89F9E59-6DF5-449B-8722-4917D9B02C7E}.Release|Any CPU.Build.0 = Release|Any CPU
		{BD86D7B0-84A4-4F7B-BB61-41322D0CBEDA}.Debug|Any CPU.ActiveCfg = Debug|Any CPU
		{BD86D7B0-84A4-4F7B-BB61-41322D0CBEDA}.Debug|Any CPU.Build.0 = Debug|Any CPU
		{BD86D7B0-84A4-4F7B-BB61-41322D0CBEDA}.Release|Any CPU.ActiveCfg = Release|Any CPU
		{BD86D7B0-84A4-4F7B-BB61-41322D0CBEDA}.Release|Any CPU.Build.0 = Release|Any CPU
	EndGlobalSection
	GlobalSection(SolutionProperties) = preSolution
		HideSolutionNode = FALSE
	EndGlobalSection
	GlobalSection(ExtensibilityGlobals) = postSolution
		SolutionGuid = {3F762869-A98C-4DB1-9A9A-69D10D46492A}
	EndGlobalSection
EndGlobal
